{
  "name": "doix-legacy",
  "version": "0.0.1",
  "lockfileVersion": 2,
  "requires": true,
  "packages": {
    "": {
      "name": "doix-legacy",
      "version": "0.0.1",
      "license": "MIT",
      "dependencies": {
        "doix": "^0.0.22",
        "uuid": "^9.0.0"
      }
    },
    "node_modules/doix": {
      "version": "0.0.22",
      "resolved": "https://registry.npmjs.org/doix/-/doix-0.0.22.tgz",
      "integrity": "sha512-j8nfu5I6kKws/ph09sY7vXtVSacjwHQRT0UzZiNN+TqpL2mp1l7pgn7gfpp9sxLmRhjySRJnID5WbGI3cEliTA=="
    },
    "node_modules/uuid": {
      "version": "9.0.0",
      "resolved": "https://registry.npmjs.org/uuid/-/uuid-9.0.0.tgz",
      "integrity": "sha512-MXcSTerfPa4uqyzStbRoTgt5XIe3x5+42+q1sDuy3R5MDk66URdLMOZe5aPX/SQd+kuYAh0FdP/pO28IkQyTeg==",
      "bin": {
        "uuid": "dist/bin/uuid"
      }
    }
  },
  "dependencies": {
    "doix": {
      "version": "0.0.22",
      "resolved": "https://registry.npmjs.org/doix/-/doix-0.0.22.tgz",
      "integrity": "sha512-j8nfu5I6kKws/ph09sY7vXtVSacjwHQRT0UzZiNN+TqpL2mp1l7pgn7gfpp9sxLmRhjySRJnID5WbGI3cEliTA=="
    },
    "uuid": {
      "version": "9.0.0",
      "resolved": "https://registry.npmjs.org/uuid/-/uuid-9.0.0.tgz",
      "integrity": "sha512-MXcSTerfPa4uqyzStbRoTgt5XIe3x5+42+q1sDuy3R5MDk66URdLMOZe5aPX/SQd+kuYAh0FdP/pO28IkQyTeg=="
    }
  }
}
